
Microsoft Visual Studio Solution File, Format Version 12.00
# Visual Studio Version 16
VisualStudioVersion = 16.0.28803.202
MinimumVisualStudioVersion = 10.0.40219.1
Project("{9A19103F-16F7-4668-BE54-9A1E7A4F7556}") = "Core Cache Test", "Core Cache Test.csproj", "{991E5209-4F01-41E1-A044-AB9C63E322CF}"
EndProject
Global
	GlobalSection(SolutionConfigurationPlatforms) = preSolution
		Debug|Any CPU = Debug|Any CPU
		Release|Any CPU = Release|Any CPU
	EndGlobalSection
	GlobalSection(ProjectConfigurationPlatforms) = postSolution
		{991E5209-4F01-41E1-A044-AB9C63E322CF}.Debug|Any CPU.ActiveCfg = Debug|Any CPU
		{991E5209-4F01-41E1-A044-AB9C63E322CF}.Debug|Any CPU.Build.0 = Debug|Any CPU
		{991E5209-4F01-41E1-A044-AB9C63E322CF}.Release|Any CPU.ActiveCfg = Release|Any CPU
		{991E5209-4F01-41E1-A044-AB9C63E322CF}.Release|Any CPU.Build.0 = Release|Any CPU
	EndGlobalSection
	GlobalSection(SolutionProperties) = preSolution
		HideSolutionNode = FALSE
	EndGlobalSection
	GlobalSection(ExtensibilityGlobals) = postSolution
		SolutionGuid = {A854C842-F3B1-4D64-8063-0D131C638B12}
	EndGlobalSection
EndGlobal
